// !$*UTF8*$!
{
	archiveVersion = 1;
	classes = {
	};
	objectVersion = 50;
	objects = {

/* Begin PBXBuildFile section */
		61003061238012A1009AAB74 /* AppDelegate.swift in Sources */ = {isa = PBXBuildFile; fileRef = 61003060238012A1009AAB74 /* AppDelegate.swift */; };
		61003063238012A1009AAB74 /* SceneDelegate.swift in Sources */ = {isa = PBXBuildFile; fileRef = 61003062238012A1009AAB74 /* SceneDelegate.swift */; };
		61003065238012A1009AAB74 /* ContentView.swift in Sources */ = {isa = PBXBuildFile; fileRef = 61003064238012A1009AAB74 /* ContentView.swift */; };
		61003067238012A6009AAB74 /* Assets.xcassets in Resources */ = {isa = PBXBuildFile; fileRef = 61003066238012A6009AAB74 /* Assets.xcassets */; };
		6100306A238012A6009AAB74 /* Preview Assets.xcassets in Resources */ = {isa = PBXBuildFile; fileRef = 61003069238012A6009AAB74 /* Preview Assets.xcassets */; };
		6100306D238012A6009AAB74 /* LaunchScreen.storyboard in Resources */ = {isa = PBXBuildFile; fileRef = 6100306B238012A6009AAB74 /* LaunchScreen.storyboard */; };
		61003078238012A6009AAB74 /* Horizontalist_SwiftUITests.swift in Sources */ = {isa = PBXBuildFile; fileRef = 61003077238012A6009AAB74 /* Horizontalist_SwiftUITests.swift */; };
		61003083238012A6009AAB74 /* Horizontalist_SwiftUIUITests.swift in Sources */ = {isa = PBXBuildFile; fileRef = 61003082238012A6009AAB74 /* Horizontalist_SwiftUIUITests.swift */; };
/* End PBXBuildFile section */

/* Begin PBXContainerItemProxy section */
		61003074238012A6009AAB74 /* PBXContainerItemProxy */ = {
			isa = PBXContainerItemProxy;
			containerPortal = 61003055238012A1009AAB74 /* Project object */;
			proxyType = 1;
			remoteGlobalIDString = 6100305C238012A1009AAB74;
			remoteInfo = "Horizontalist-SwiftUI";
		};
		6100307F238012A6009AAB74 /* PBXContainerItemProxy */ = {
			isa = PBXContainerItemProxy;
			containerPortal = 61003055238012A1009AAB74 /* Project object */;
			proxyType = 1;
			remoteGlobalIDString = 6100305C238012A1009AAB74;
			remoteInfo = "Horizontalist-SwiftUI";
		};
/* End PBXContainerItemProxy section */

/* Begin PBXFileReference section */
		6100305D238012A1009AAB74 /* Horizontalist-SwiftUI.app */ = {isa = PBXFileReference; explicitFileType = wrapper.application; includeInIndex = 0; path = "Horizontalist-SwiftUI.app"; sourceTree = BUILT_PRODUCTS_DIR; };
		61003060238012A1009AAB74 /* AppDelegate.swift */ = {isa = PBXFileReference; lastKnownFileType = sourcecode.swift; path = AppDelegate.swift; sourceTree = "<group>"; };
		61003062238012A1009AAB74 /* SceneDelegate.swift */ = {isa = PBXFileReference; lastKnownFileType = sourcecode.swift; path = SceneDelegate.swift; sourceTree = "<group>"; };
		61003064238012A1009AAB74 /* ContentView.swift */ = {isa = PBXFileReference; lastKnownFileType = sourcecode.swift; path = ContentView.swift; sourceTree = "<group>"; };
		61003066238012A6009AAB74 /* Assets.xcassets */ = {isa = PBXFileReference; lastKnownFileType = folder.assetcatalog; path = Assets.xcassets; sourceTree = "<group>"; };
		61003069238012A6009AAB74 /* Preview Assets.xcassets */ = {isa = PBXFileReference; lastKnownFileType = folder.assetcatalog; path = "Preview Assets.xcassets"; sourceTree = "<group>"; };
		6100306C238012A6009AAB74 /* Base */ = {isa = PBXFileReference; lastKnownFileType = file.storyboard; name = Base; path = Base.lproj/LaunchScreen.storyboard; sourceTree = "<group>"; };
		6100306E238012A6009AAB74 /* Info.plist */ = {isa = PBXFileReference; lastKnownFileType = text.plist.xml; path = Info.plist; sourceTree = "<group>"; };
		61003073238012A6009AAB74 /* Horizontalist-SwiftUITests.xctest */ = {isa = PBXFileReference; explicitFileType = wrapper.cfbundle; includeInIndex = 0; path = "Horizontalist-SwiftUITests.xctest"; sourceTree = BUILT_PRODUCTS_DIR; };
		61003077238012A6009AAB74 /* Horizontalist_SwiftUITests.swift */ = {isa = PBXFileReference; lastKnownFileType = sourcecode.swift; path = Horizontalist_SwiftUITests.swift; sourceTree = "<group>"; };
		61003079238012A6009AAB74 /* Info.plist */ = {isa = PBXFileReference; lastKnownFileType = text.plist.xml; path = Info.plist; sourceTree = "<group>"; };
		6100307E238012A6009AAB74 /* Horizontalist-SwiftUIUITests.xctest */ = {isa = PBXFileReference; explicitFileType = wrapper.cfbundle; includeInIndex = 0; path = "Horizontalist-SwiftUIUITests.xctest"; sourceTree = BUILT_PRODUCTS_DIR; };
		61003082238012A6009AAB74 /* Horizontalist_SwiftUIUITests.swift */ = {isa = PBXFileReference; lastKnownFileType = sourcecode.swift; path = Horizontalist_SwiftUIUITests.swift; sourceTree = "<group>"; };
		61003084238012A6009AAB74 /* Info.plist */ = {isa = PBXFileReference; lastKnownFileType = text.plist.xml; path = Info.plist; sourceTree = "<group>"; };
/* End PBXFileReference section */

/* Begin PBXFrameworksBuildPhase section */
		6100305A238012A1009AAB74 /* Frameworks */ = {
			isa = PBXFrameworksBuildPhase;
			buildActionMask = 2147483647;
			files = (
			);
			runOnlyForDeploymentPostprocessing = 0;
		};
		61003070238012A6009AAB74 /* Frameworks */ = {
			isa = PBXFrameworksBuildPhase;
			buildActionMask = 2147483647;
			files = (
			);
			runOnlyForDeploymentPostprocessing = 0;
		};
		6100307B238012A6009AAB74 /* Frameworks */ = {
			isa = PBXFrameworksBuildPhase;
			buildActionMask = 2147483647;
			files = (
			);
			runOnlyForDeploymentPostprocessing = 0;
		};
/* End PBXFrameworksBuildPhase section */

/* Begin PBXGroup section */
		61003054238012A1009AAB74 = {
			isa = PBXGroup;
			children = (
				6100305F238012A1009AAB74 /* Horizontalist-SwiftUI */,
				61003076238012A6009AAB74 /* Horizontalist-SwiftUITests */,
				61003081238012A6009AAB74 /* Horizontalist-SwiftUIUITests */,
				6100305E238012A1009AAB74 /* Products */,
			);
			sourceTree = "<group>";
		};
		6100305E238012A1009AAB74 /* Products */ = {
			isa = PBXGroup;
			children = (
				6100305D238012A1009AAB74 /* Horizontalist-SwiftUI.app */,
				61003073238012A6009AAB74 /* Horizontalist-SwiftUITests.xctest */,
				6100307E238012A6009AAB74 /* Horizontalist-SwiftUIUITests.xctest */,
			);
			name = Products;
			sourceTree = "<group>";
		};
		6100305F238012A1009AAB74 /* Horizontalist-SwiftUI */ = {
			isa = PBXGroup;
			children = (
				61003060238012A1009AAB74 /* AppDelegate.swift */,
				61003062238012A1009AAB74 /* SceneDelegate.swift */,
				61003064238012A1009AAB74 /* ContentView.swift */,
				61003066238012A6009AAB74 /* Assets.xcassets */,
				6100306B238012A6009AAB74 /* LaunchScreen.storyboard */,
				6100306E238012A6009AAB74 /* Info.plist */,
				61003068238012A6009AAB74 /* Preview Content */,
			);
			path = "Horizontalist-SwiftUI";
			sourceTree = "<group>";
		};
		61003068238012A6009AAB74 /* Preview Content */ = {
			isa = PBXGroup;
			children = (
				61003069238012A6009AAB74 /* Preview Assets.xcassets */,
			);
			path = "Preview Content";
			sourceTree = "<group>";
		};
		61003076238012A6009AAB74 /* Horizontalist-SwiftUITests */ = {
			isa = PBXGroup;
			children = (
				61003077238012A6009AAB74 /* Horizontalist_SwiftUITests.swift */,
				61003079238012A6009AAB74 /* Info.plist */,
			);
			path = "Horizontalist-SwiftUITests";
			sourceTree = "<group>";
		};
		61003081238012A6009AAB74 /* Horizontalist-SwiftUIUITests */ = {
			isa = PBXGroup;
			children = (
				61003082238012A6009AAB74 /* Horizontalist_SwiftUIUITests.swift */,
				61003084238012A6009AAB74 /* Info.plist */,
			);
			path = "Horizontalist-SwiftUIUITests";
			sourceTree = "<group>";
		};
/* End PBXGroup section */

/* Begin PBXNativeTarget section */
		6100305C238012A1009AAB74 /* Horizontalist-SwiftUI */ = {
			isa = PBXNativeTarget;
			buildConfigurationList = 61003087238012A6009AAB74 /* Build configuration list for PBXNativeTarget "Horizontalist-SwiftUI" */;
			buildPhases = (
				61003059238012A1009AAB74 /* Sources */,
				6100305A238012A1009AAB74 /* Frameworks */,
				6100305B238012A1009AAB74 /* Resources */,
			);
			buildRules = (
			);
			dependencies = (
			);
			name = "Horizontalist-SwiftUI";
			productName = "Horizontalist-SwiftUI";
			productReference = 6100305D238012A1009AAB74 /* Horizontalist-SwiftUI.app */;
			productType = "com.apple.product-type.application";
		};
		61003072238012A6009AAB74 /* Horizontalist-SwiftUITests */ = {
			isa = PBXNativeTarget;
			buildConfigurationList = 6100308A238012A6009AAB74 /* Build configuration list for PBXNativeTarget "Horizontalist-SwiftUITests" */;
			buildPhases = (
				6100306F238012A6009AAB74 /* Sources */,
				61003070238012A6009AAB74 /* Frameworks */,
				61003071238012A6009AAB74 /* Resources */,
			);
			buildRules = (
			);
			dependencies = (
				61003075238012A6009AAB74 /* PBXTargetDependency */,
			);
			name = "Horizontalist-SwiftUITests";
			productName = "Horizontalist-SwiftUITests";
			productReference = 61003073238012A6009AAB74 /* Horizontalist-SwiftUITests.xctest */;
			productType = "com.apple.product-type.bundle.unit-test";
		};
		6100307D238012A6009AAB74 /* Horizontalist-SwiftUIUITests */ = {
			isa = PBXNativeTarget;
			buildConfigurationList = 6100308D238012A6009AAB74 /* Build configuration list for PBXNativeTarget "Horizontalist-SwiftUIUITests" */;
			buildPhases = (
				6100307A238012A6009AAB74 /* Sources */,
				6100307B238012A6009AAB74 /* Frameworks */,
				6100307C238012A6009AAB74 /* Resources */,
			);
			buildRules = (
			);
			dependencies = (
				61003080238012A6009AAB74 /* PBXTargetDependency */,
			);
			name = "Horizontalist-SwiftUIUITests";
			productName = "Horizontalist-SwiftUIUITests";
			productReference = 6100307E238012A6009AAB74 /* Horizontalist-SwiftUIUITests.xctest */;
			productType = "com.apple.product-type.bundle.ui-testing";
		};
/* End PBXNativeTarget section */

/* Begin PBXProject section */
		61003055238012A1009AAB74 /* Project object */ = {
			isa = PBXProject;
			attributes = {
				LastSwiftUpdateCheck = 1120;
				LastUpgradeCheck = 1120;
				ORGANIZATIONNAME = "Mert Ala";
				TargetAttributes = {
					6100305C238012A1009AAB74 = {
						CreatedOnToolsVersion = 11.2.1;
					};
					61003072238012A6009AAB74 = {
						CreatedOnToolsVersion = 11.2.1;
						TestTargetID = 6100305C238012A1009AAB74;
					};
					6100307D238012A6009AAB74 = {
						CreatedOnToolsVersion = 11.2.1;
						TestTargetID = 6100305C238012A1009AAB74;
					};
				};
			};
			buildConfigurationList = 61003058238012A1009AAB74 /* Build configuration list for PBXProject "Horizontalist-SwiftUI" */;
			compatibilityVersion = "Xcode 9.3";
			developmentRegion = en;
			hasScannedForEncodings = 0;
			knownRegions = (
				en,
				Base,
			);
			mainGroup = 61003054238012A1009AAB74;
			productRefGroup = 6100305E238012A1009AAB74 /* Products */;
			projectDirPath = "";
			projectRoot = "";
			targets = (
				6100305C238012A1009AAB74 /* Horizontalist-SwiftUI */,
				61003072238012A6009AAB74 /* Horizontalist-SwiftUITests */,
				6100307D238012A6009AAB74 /* Horizontalist-SwiftUIUITests */,
			);
		};
/* End PBXProject section */

/* Begin PBXResourcesBuildPhase section */
		6100305B238012A1009AAB74 /* Resources */ = {
			isa = PBXResourcesBuildPhase;
			buildActionMask = 2147483647;
			files = (
				6100306D238012A6009AAB74 /* LaunchScreen.storyboard in Resources */,
				6100306A238012A6009AAB74 /* Preview Assets.xcassets in Resources */,
				61003067238012A6009AAB74 /* Assets.xcassets in Resources */,
			);
			runOnlyForDeploymentPostprocessing = 0;
		};
		61003071238012A6009AAB74 /* Resources */ = {
			isa = PBXResourcesBuildPhase;
			buildActionMask = 2147483647;
			files = (
			);
			runOnlyForDeploymentPostprocessing = 0;
		};
		6100307C238012A6009AAB74 /* Resources */ = {
			isa = PBXResourcesBuildPhase;
			buildActionMask = 2147483647;
			files = (
			);
			runOnlyForDeploymentPostprocessing = 0;
		};
/* End PBXResourcesBuildPhase section */

/* Begin PBXSourcesBuildPhase section */
		61003059238012A1009AAB74 /* Sources */ = {
			isa = PBXSourcesBuildPhase;
			buildActionMask = 2147483647;
			files = (
				61003061238012A1009AAB74 /* AppDelegate.swift in Sources */,
				61003063238012A1009AAB74 /* SceneDelegate.swift in Sources */,
				61003065238012A1009AAB74 /* ContentView.swift in Sources */,
			);
			runOnlyForDeploymentPostprocessing = 0;
		};
		6100306F238012A6009AAB74 /* Sources */ = {
			isa = PBXSourcesBuildPhase;
			buildActionMask = 2147483647;
			files = (
				61003078238012A6009AAB74 /* Horizontalist_SwiftUITests.swift in Sources */,
			);
			runOnlyForDeploymentPostprocessing = 0;
		};
		6100307A238012A6009AAB74 /* Sources */ = {
			isa = PBXSourcesBuildPhase;
			buildActionMask = 2147483647;
			files = (
				61003083238012A6009AAB74 /* Horizontalist_SwiftUIUITests.swift in Sources */,
			);
			runOnlyForDeploymentPostprocessing = 0;
		};
/* End PBXSourcesBuildPhase section */

/* Begin PBXTargetDependency section */
		61003075238012A6009AAB74 /* PBXTargetDependency */ = {
			isa = PBXTargetDependency;
			target = 6100305C238012A1009AAB74 /* Horizontalist-SwiftUI */;
			targetProxy = 61003074238012A6009AAB74 /* PBXContainerItemProxy */;
		};
		61003080238012A6009AAB74 /* PBXTargetDependency */ = {
			isa = PBXTargetDependency;
			target = 6100305C238012A1009AAB74 /* Horizontalist-SwiftUI */;
			targetProxy = 6100307F238012A6009AAB74 /* PBXContainerItemProxy */;
		};
/* End PBXTargetDependency section */

/* Begin PBXVariantGroup section */
		6100306B238012A6009AAB74 /* LaunchScreen.storyboard */ = {
			isa = PBXVariantGroup;
			children = (
				6100306C238012A6009AAB74 /* Base */,
			);
			name = LaunchScreen.storyboard;
			sourceTree = "<group>";
		};
/* End PBXVariantGroup section */

/* Begin XCBuildConfiguration section */
		61003085238012A6009AAB74 /* Debug */ = {
			isa = XCBuildConfiguration;
			buildSettings = {
				ALWAYS_SEARCH_USER_PATHS = NO;
				CLANG_ANALYZER_NONNULL = YES;
				CLANG_ANALYZER_NUMBER_OBJECT_CONVERSION = YES_AGGRESSIVE;
				CLANG_CXX_LANGUAGE_STANDARD = "gnu++14";
				CLANG_CXX_LIBRARY = "libc++";
				CLANG_ENABLE_MODULES = YES;
				CLANG_ENABLE_OBJC_ARC = YES;
				CLANG_ENABLE_OBJC_WEAK = YES;
				CLANG_WARN_BLOCK_CAPTURE_AUTORELEASING = YES;
				CLANG_WARN_BOOL_CONVERSION = YES;
				CLANG_WARN_COMMA = YES;
				CLANG_WARN_CONSTANT_CONVERSION = YES;
				CLANG_WARN_DEPRECATED_OBJC_IMPLEMENTATIONS = YES;
				CLANG_WARN_DIRECT_OBJC_ISA_USAGE = YES_ERROR;
				CLANG_WARN_DOCUMENTATION_COMMENTS = YES;
				CLANG_WARN_EMPTY_BODY = YES;
				CLANG_WARN_ENUM_CONVERSION = YES;
				CLANG_WARN_INFINITE_RECURSION = YES;
				CLANG_WARN_INT_CONVERSION = YES;
				CLANG_WARN_NON_LITERAL_NULL_CONVERSION = YES;
				CLANG_WARN_OBJC_IMPLICIT_RETAIN_SELF = YES;
				CLANG_WARN_OBJC_LITERAL_CONVERSION = YES;
				CLANG_WARN_OBJC_ROOT_CLASS = YES_ERROR;
				CLANG_WARN_RANGE_LOOP_ANALYSIS = YES;
				CLANG_WARN_STRICT_PROTOTYPES = YES;
				CLANG_WARN_SUSPICIOUS_MOVE = YES;
				CLANG_WARN_UNGUARDED_AVAILABILITY = YES_AGGRESSIVE;
				CLANG_WARN_UNREACHABLE_CODE = YES;
				CLANG_WARN__DUPLICATE_METHOD_MATCH = YES;
				COPY_PHASE_STRIP = NO;
				DEBUG_INFORMATION_FORMAT = dwarf;
				ENABLE_STRICT_OBJC_MSGSEND = YES;
				ENABLE_TESTABILITY = YES;
				GCC_C_LANGUAGE_STANDARD = gnu11;
				GCC_DYNAMIC_NO_PIC = NO;
				GCC_NO_COMMON_BLOCKS = YES;
				GCC_OPTIMIZATION_LEVEL = 0;
				GCC_PREPROCESSOR_DEFINITIONS = (
					"DEBUG=1",
					"$(inherited)",
				);
				GCC_WARN_64_TO_32_BIT_CONVERSION = YES;
				GCC_WARN_ABOUT_RETURN_TYPE = YES_ERROR;
				GCC_WARN_UNDECLARED_SELECTOR = YES;
				GCC_WARN_UNINITIALIZED_AUTOS = YES_AGGRESSIVE;
				GCC_WARN_UNUSED_FUNCTION = YES;
				GCC_WARN_UNUSED_VARIABLE = YES;
				IPHONEOS_DEPLOYMENT_TARGET = 13.2;
				MTL_ENABLE_DEBUG_INFO = INCLUDE_SOURCE;
				MTL_FAST_MATH = YES;
				ONLY_ACTIVE_ARCH = YES;
				SDKROOT = iphoneos;
				SWIFT_ACTIVE_COMPILATION_CONDITIONS = DEBUG;
				SWIFT_OPTIMIZATION_LEVEL = "-Onone";
			};
			name = Debug;
		};
		61003086238012A6009AAB74 /* Release */ = {
			isa = XCBuildConfiguration;
			buildSettings = {
				ALWAYS_SEARCH_USER_PATHS = NO;
				CLANG_ANALYZER_NONNULL = YES;
				CLANG_ANALYZER_NUMBER_OBJECT_CONVERSION = YES_AGGRESSIVE;
				CLANG_CXX_LANGUAGE_STANDARD = "gnu++14";
				CLANG_CXX_LIBRARY = "libc++";
				CLANG_ENABLE_MODULES = YES;
				CLANG_ENABLE_OBJC_ARC = YES;
				CLANG_ENABLE_OBJC_WEAK = YES;
				CLANG_WARN_BLOCK_CAPTURE_AUTORELEASING = YES;
				CLANG_WARN_BOOL_CONVERSION = YES;
				CLANG_WARN_COMMA = YES;
				CLANG_WARN_CONSTANT_CONVERSION = YES;
				CLANG_WARN_DEPRECATED_OBJC_IMPLEMENTATIONS = YES;
				CLANG_WARN_DIRECT_OBJC_ISA_USAGE = YES_ERROR;
				CLANG_WARN_DOCUMENTATION_COMMENTS = YES;
				CLANG_WARN_EMPTY_BODY = YES;
				CLANG_WARN_ENUM_CONVERSION = YES;
				CLANG_WARN_INFINITE_RECURSION = YES;
				CLANG_WARN_INT_CONVERSION = YES;
				CLANG_WARN_NON_LITERAL_NULL_CONVERSION = YES;
				CLANG_WARN_OBJC_IMPLICIT_RETAIN_SELF = YES;
				CLANG_WARN_OBJC_LITERAL_CONVERSION = YES;
				CLANG_WARN_OBJC_ROOT_CLASS = YES_ERROR;
				CLANG_WARN_RANGE_LOOP_ANALYSIS = YES;
				CLANG_WARN_STRICT_PROTOTYPES = YES;
				CLANG_WARN_SUSPICIOUS_MOVE = YES;
				CLANG_WARN_UNGUARDED_AVAILABILITY = YES_AGGRESSIVE;
				CLANG_WARN_UNREACHABLE_CODE = YES;
				CLANG_WARN__DUPLICATE_METHOD_MATCH = YES;
				COPY_PHASE_STRIP = NO;
				DEBUG_INFORMATION_FORMAT = "dwarf-with-dsym";
				ENABLE_NS_ASSERTIONS = NO;
				ENABLE_STRICT_OBJC_MSGSEND = YES;
				GCC_C_LANGUAGE_STANDARD = gnu11;
				GCC_NO_COMMON_BLOCKS = YES;
				GCC_WARN_64_TO_32_BIT_CONVERSION = YES;
				GCC_WARN_ABOUT_RETURN_TYPE = YES_ERROR;
				GCC_WARN_UNDECLARED_SELECTOR = YES;
				GCC_WARN_UNINITIALIZED_AUTOS = YES_AGGRESSIVE;
				GCC_WARN_UNUSED_FUNCTION = YES;
				GCC_WARN_UNUSED_VARIABLE = YES;
				IPHONEOS_DEPLOYMENT_TARGET = 13.2;
				MTL_ENABLE_DEBUG_INFO = NO;
				MTL_FAST_MATH = YES;
				SDKROOT = iphoneos;
				SWIFT_COMPILATION_MODE = wholemodule;
				SWIFT_OPTIMIZATION_LEVEL = "-O";
				VALIDATE_PRODUCT = YES;
			};
			name = Release;
		};
		61003088238012A6009AAB74 /* Debug */ = {
			isa = XCBuildConfiguration;
			buildSettings = {
				ASSETCATALOG_COMPILER_APPICON_NAME = AppIcon;
				CODE_SIGN_STYLE = Automatic;
				DEVELOPMENT_ASSET_PATHS = "\"Horizontalist-SwiftUI/Preview Content\"";
				DEVELOPMENT_TEAM = 9XV45R93RX;
				ENABLE_PREVIEWS = YES;
				INFOPLIST_FILE = "Horizontalist-SwiftUI/Info.plist";
				LD_RUNPATH_SEARCH_PATHS = (
					"$(inherited)",
					"@executable_path/Frameworks",
				);
				PRODUCT_BUNDLE_IDENTIFIER = "mertala.Horizontalist-SwiftUI";
				PRODUCT_NAME = "$(TARGET_NAME)";
				SWIFT_VERSION = 5.0;
				TARGETED_DEVICE_FAMILY = "1,2";
			};
			name = Debug;
		};
		61003089238012A6009AAB74 /* Release */ = {
			isa = XCBuildConfiguration;
			buildSettings = {
				ASSETCATALOG_COMPILER_APPICON_NAME = AppIcon;
				CODE_SIGN_STYLE = Automatic;
				DEVELOPMENT_ASSET_PATHS = "\"Horizontalist-SwiftUI/Preview Content\"";
				DEVELOPMENT_TEAM = 9XV45R93RX;
				ENABLE_PREVIEWS = YES;
				INFOPLIST_FILE = "Horizontalist-SwiftUI/Info.plist";
				LD_RUNPATH_SEARCH_PATHS = (
					"$(inherited)",
					"@executable_path/Frameworks",
				);
				PRODUCT_BUNDLE_IDENTIFIER = "mertala.Horizontalist-SwiftUI";
				PRODUCT_NAME = "$(TARGET_NAME)";
				SWIFT_VERSION = 5.0;
				TARGETED_DEVICE_FAMILY = "1,2";
			};
			name = Release;
		};
		6100308B238012A6009AAB74 /* Debug */ = {
			isa = XCBuildConfiguration;
			buildSettings = {
				ALWAYS_EMBED_SWIFT_STANDARD_LIBRARIES = YES;
				BUNDLE_LOADER = "$(TEST_HOST)";
				CODE_SIGN_STYLE = Automatic;
				DEVELOPMENT_TEAM = 9XV45R93RX;
				INFOPLIST_FILE = "Horizontalist-SwiftUITests/Info.plist";
				IPHONEOS_DEPLOYMENT_TARGET = 13.2;
				LD_RUNPATH_SEARCH_PATHS = (
					"$(inherited)",
					"@executable_path/Frameworks",
					"@loader_path/Frameworks",
				);
				PRODUCT_BUNDLE_IDENTIFIER = "mertala.Horizontalist-SwiftUITests";
				PRODUCT_NAME = "$(TARGET_NAME)";
				SWIFT_VERSION = 5.0;
				TARGETED_DEVICE_FAMILY = "1,2";
				TEST_HOST = "$(BUILT_PRODUCTS_DIR)/Horizontalist-SwiftUI.app/Horizontalist-SwiftUI";
			};
			name = Debug;
		};
		6100308C238012A6009AAB74 /* Release */ = {
			isa = XCBuildConfiguration;
			buildSettings = {
				ALWAYS_EMBED_SWIFT_STANDARD_LIBRARIES = YES;
				BUNDLE_LOADER = "$(TEST_HOST)";
				CODE_SIGN_STYLE = Automatic;
				DEVELOPMENT_TEAM = 9XV45R93RX;
				INFOPLIST_FILE = "Horizontalist-SwiftUITests/Info.plist";
				IPHONEOS_DEPLOYMENT_TARGET = 13.2;
				LD_RUNPATH_SEARCH_PATHS = (
					"$(inherited)",
					"@executable_path/Frameworks",
					"@loader_path/Frameworks",
				);
				PRODUCT_BUNDLE_IDENTIFIER = "mertala.Horizontalist-SwiftUITests";
				PRODUCT_NAME = "$(TARGET_NAME)";
				SWIFT_VERSION = 5.0;
				TARGETED_DEVICE_FAMILY = "1,2";
				TEST_HOST = "$(BUILT_PRODUCTS_DIR)/Horizontalist-SwiftUI.app/Horizontalist-SwiftUI";
			};
			name = Release;
		};
		6100308E238012A6009AAB74 /* Debug */ = {
			isa = XCBuildConfiguration;
			buildSettings = {
				ALWAYS_EMBED_SWIFT_STANDARD_LIBRARIES = YES;
				CODE_SIGN_STYLE = Automatic;
				DEVELOPMENT_TEAM = 9XV45R93RX;
				INFOPLIST_FILE = "Horizontalist-SwiftUIUITests/Info.plist";
				LD_RUNPATH_SEARCH_PATHS = (
					"$(inherited)",
					"@executable_path/Frameworks",
					"@loader_path/Frameworks",
				);
				PRODUCT_BUNDLE_IDENTIFIER = "mertala.Horizontalist-SwiftUIUITests";
				PRODUCT_NAME = "$(TARGET_NAME)";
				SWIFT_VERSION = 5.0;
				TARGETED_DEVICE_FAMILY = "1,2";
				TEST_TARGET_NAME = "Horizontalist-SwiftUI";
			};
			name = Debug;
		};
		6100308F238012A6009AAB74 /* Release */ = {
			isa = XCBuildConfiguration;
			buildSettings = {
				ALWAYS_EMBED_SWIFT_STANDARD_LIBRARIES = YES;
				CODE_SIGN_STYLE = Automatic;
				DEVELOPMENT_TEAM = 9XV45R93RX;
				INFOPLIST_FILE = "Horizontalist-SwiftUIUITests/Info.plist";
				LD_RUNPATH_SEARCH_PATHS = (
					"$(inherited)",
					"@executable_path/Frameworks",
					"@loader_path/Frameworks",
				);
				PRODUCT_BUNDLE_IDENTIFIER = "mertala.Horizontalist-SwiftUIUITests";
				PRODUCT_NAME = "$(TARGET_NAME)";
				SWIFT_VERSION = 5.0;
				TARGETED_DEVICE_FAMILY = "1,2";
				TEST_TARGET_NAME = "Horizontalist-SwiftUI";
			};
			name = Release;
		};
/* End XCBuildConfiguration section */

/* Begin XCConfigurationList section */
		61003058238012A1009AAB74 /* Build configuration list for PBXProject "Horizontalist-SwiftUI" */ = {
			isa = XCConfigurationList;
			buildConfigurations = (
				61003085238012A6009AAB74 /* Debug */,
				61003086238012A6009AAB74 /* Release */,
			);
			defaultConfigurationIsVisible = 0;
			defaultConfigurationName = Release;
		};
		61003087238012A6009AAB74 /* Build configuration list for PBXNativeTarget "Horizontalist-SwiftUI" */ = {
			isa = XCConfigurationList;
			buildConfigurations = (
				61003088238012A6009AAB74 /* Debug */,
				61003089238012A6009AAB74 /* Release */,
			);
			defaultConfigurationIsVisible = 0;
			defaultConfigurationName = Release;
		};
		6100308A238012A6009AAB74 /* Build configuration list for PBXNativeTarget "Horizontalist-SwiftUITests" */ = {
			isa = XCConfigurationList;
			buildConfigurations = (
				6100308B238012A6009AAB74 /* Debug */,
				6100308C238012A6009AAB74 /* Release */,
			);
			defaultConfigurationIsVisible = 0;
			defaultConfigurationName = Release;
		};
		6100308D238012A6009AAB74 /* Build configuration list for PBXNativeTarget "Horizontalist-SwiftUIUITests" */ = {
			isa = XCConfigurationList;
			buildConfigurations = (
				6100308E238012A6009AAB74 /* Debug */,
				6100308F238012A6009AAB74 /* Release */,
			);
			defaultConfigurationIsVisible = 0;
			defaultConfigurationName = Release;
		};
/* End XCConfigurationList section */
	};
	rootObject = 61003055238012A1009AAB74 /* Project object */;
}
